absl-py==2.3.1
adb-cloud-connector==1.0.2
aenum==3.1.16
aiofiles==23.2.1
aiogram==3.7.0
aiogram_i18n==1.4
aiohappyeyeballs==2.6.1
aiohttp==3.9.5
aiohttp-retry==2.9.1
aioice==0.10.1
aioredis==2.0.1
aiortc==1.13.0
aiosignal==1.4.0
aiosqlite==0.20.0
alembic==1.13.2
annotated-types==0.7.0
antlr4-python3-runtime==4.9.3
anyascii==0.3.3
anyio==4.9.0
arq==0.26.3
asgi-lifespan==2.1.0
asgiref==3.9.1
async-generator==1.10
async-timeout==5.0.1
asyncpg==0.29.0
attrs==25.3.0
audioread==3.0.1
Authlib==1.6.1
av==14.4.0
babel==2.17.0
backports.tarfile==1.2.0
beautifulsoup4==4.13.4
bertopic==0.17.3
black==25.1.0
-e git+https://github.com/gagarinyury/botfactory-runtime.git@adf817266dd3f6e9a643801024723080667b8dba#egg=botfactory_runtime
bottle==0.13.4
Brotli==1.1.0
bs4==0.0.2
build==1.3.0
CacheControl==0.14.3
cachetools==5.5.2
cartesia==2.0.8
cerebras_cloud_sdk==1.49.0
certifi==2025.7.14
cffi==1.17.1
cfgv==3.4.0
chardet==5.2.0
charset-normalizer==3.4.2
cleo==2.1.0
click==8.1.7
colorama==0.4.6
coloredlogs==15.0.1
colorlog==6.9.0
contourpy==1.3.3
coqpit-config==0.2.1
coqui-tts==0.27.1
coqui-tts-trainer==0.3.1
courlan==1.3.2
coverage==7.10.6
crashtest==0.4.1
cryptography==45.0.5
cssselect==1.3.0
csvw==3.5.1
cycler==0.12.1
cyclopts==3.22.2
Cython==3.1.3
daily-python==0.19.9
dataclasses-json==0.6.7
dateparser==1.1.8
decorator==5.2.1
deepgram-sdk==4.7.0
deepseek==1.0.0
defusedxml==0.7.1
Deprecated==1.2.18
deprecation==2.1.0
distlib==0.4.0
distro==1.9.0
dlinfo==2.0.0
dnspython==2.7.0
docopt==0.6.2
docstring_parser==0.17.0
docutils==0.21.2
duckduckgo_search==6.4.2
dulwich==0.22.8
einops==0.8.1
email_validator==2.2.0
encodec==0.1.1
espeakng-loader==0.2.4
exa-py==1.15.4
exceptiongroup==1.3.0
fake-useragent==2.2.0
Faker==18.13.0
fakeredis==2.23.2
fastapi==0.115.0
fastapi-cli==0.0.11
fastapi-cloud-cli==0.1.5
fastjsonschema==2.21.2
fastmcp==2.10.6
fastrtc==0.0.32
fastuuid==0.12.0
feedfinder2==0.0.4
feedparser==6.0.11
ffmpy==0.6.1
filelock==3.19.1
findpython==0.6.3
fire==0.7.1
flatbuffers==25.2.10
fluent.runtime==0.4.0
fluent.syntax==0.19.0
fonttools==4.59.2
frozenlist==1.7.0
fsspec==2025.9.0
future==1.0.0
gitdb==4.0.12
GitPython==3.1.45
google-api-core==2.25.1
google-api-python-client==2.179.0
google-auth==2.40.3
google-auth-httplib2==0.2.0
google-crc32c==1.7.1
google-genai==1.32.0
googleapis-common-protos==1.70.0
gradio==5.45.0
gradio_client==1.13.0
greenlet==3.2.4
groovy==0.1.2
groq==0.31.0
grpcio==1.74.0
gruut==2.4.0
gruut-ipa==0.13.0
gruut_lang_de==2.0.1
gruut_lang_en==2.0.1
gruut_lang_es==2.0.1
gruut_lang_fr==2.0.2
h11==0.16.0
h2==4.3.0
halo==0.0.31
hdbscan==0.8.40
hf-xet==1.1.9
hiredis==3.2.1
hpack==4.1.0
htmldate==1.9.3
httpcore==1.0.9
httplib2==0.30.0
httptools==0.6.4
httpx==0.27.2
httpx-sse==0.4.0
huggingface-hub==0.34.4
humanfriendly==10.0
hyperframe==6.1.0
hypothesis==6.112.3
identify==2.6.14
idna==3.10
ifaddr==0.2.0
importlib_metadata==8.4.0
inflect==7.5.0
iniconfig==2.1.0
installer==0.7.0
isodate==0.7.2
iterators==0.2.0
itsdangerous==2.2.0
jaraco.classes==3.4.0
jaraco.context==6.0.1
jaraco.functools==4.3.0
jieba3k==0.35.1
Jinja2==3.1.6
jiter==0.10.0
joblib==1.5.2
json5==0.9.25
json_repair==0.50.0
jsonlines==1.2.0
jsonschema==4.25.0
jsonschema-specifications==2025.4.1
jusText==3.0.2
keyring==25.6.0
kiwisolver==1.4.9
kokoro-onnx==0.4.9
langdetect==1.0.9
langid==1.1.6
# Editable install with no version control (langroid==0.59.6)
-e /Users/yurygagarin/code/langroid_test
language-tags==1.2.0
lazy_loader==0.4
librosa==0.11.0
litellm==1.77.0
llvmlite==0.44.0
log-symbols==0.0.14
loguru==0.7.2
lxml==5.4.0
lxml_html_clean==0.4.2
magic-filter==1.0.12
Mako==1.3.10
Markdown==3.9
markdown-it-py==3.0.0
markdownify==1.2.0
MarkupSafe==3.0.2
marshmallow==3.26.1
matplotlib==3.10.6
mcp==1.12.1
mdurl==0.1.2
monotonic-alignment-search==0.2.0
more-itertools==10.8.0
mpmath==1.3.0
msgpack==1.1.1
multidict==6.6.3
mypy==1.18.1
mypy_extensions==1.1.0
narwhals==2.5.0
nest-asyncio==1.6.0
networkx==3.5
newspaper3k==0.2.8
nltk==3.9.1
nodeenv==1.9.1
num2words==0.5.14
numba==0.61.2
numpy==2.2.6
oauthlib==3.3.1
omegaconf==2.3.0
onnxruntime==1.20.1
openai==1.107.1
openai-whisper==20250625
openapi-pydantic==0.5.1
opencv-python==4.12.0.88
opentelemetry-api==1.27.0
opentelemetry-exporter-otlp==1.27.0
opentelemetry-exporter-otlp-proto-common==1.27.0
opentelemetry-exporter-otlp-proto-grpc==1.27.0
opentelemetry-exporter-otlp-proto-http==1.27.0
opentelemetry-instrumentation==0.48b0
opentelemetry-instrumentation-asgi==0.48b0
opentelemetry-instrumentation-fastapi==0.48b0
opentelemetry-instrumentation-httpx==0.48b0
opentelemetry-proto==1.27.0
opentelemetry-sdk==1.27.0
opentelemetry-semantic-conventions==0.48b0
opentelemetry-util-http==0.48b0
orjson==3.11.3
outcome==1.3.0.post0
packaging==25.0
pandas==2.3.2
paper-search-mcp @ file:///Users/yurygagarin/sb2/Sci-Hub-MCP-Server/paper-search-mcp
pathspec==0.12.1
pbs-installer==2025.9.2
pgvector==0.2.5
phonemizer-fork==3.3.2
pillow==11.3.0
pipecat-ai==0.0.84
pipecat-ai-small-webrtc-prebuilt==1.0.0
pkginfo==1.12.1.2
platformdirs==4.4.0
plotly==6.3.0
pluggy==1.6.0
poetry==2.1.4
poetry-core==2.1.3
pooch==1.8.2
portalocker==3.2.0
pre_commit==4.3.0
prettytable==3.16.0
primp==0.15.0
prometheus_client==0.20.0
propcache==0.3.2
proto-plus==1.26.1
protobuf==4.25.8
proxy_tools==0.1.0
psutil==7.0.0
-e git+https://github.com/gagarinyury/Psy2.git@66f711d9717a7ecae81d2333183f1bf5a92f998d#egg=psy2
psycopg==3.2.1
psycopg-binary==3.2.1
psycopg-pool==3.2.6
psycopg2-binary==2.9.10
pyasn1==0.6.1
pyasn1_modules==0.4.2
PyAudio==0.2.14
pycparser==2.22
pydantic==2.7.4
pydantic-extra-types==2.10.5
pydantic-settings==2.5.2
pydantic_core==2.18.4
pydub==0.25.1
pyee==13.0.0
pygame==2.6.1
PyGithub==1.59.1
Pygments==2.19.2
PyJWT==2.10.1
pylibsrtp==0.12.0
pyloudnorm==0.1.1
PyMuPDF==1.26.4
pymupdf4llm==0.0.27
PyNaCl==1.5.0
pynndescent==0.5.13
pyobjc-core==11.1
pyobjc-framework-Cocoa==11.1
pyobjc-framework-Quartz==11.1
pyobjc-framework-Security==11.1
pyobjc-framework-WebKit==11.1
pyOpenSSL==25.1.0
pyparsing==3.2.3
PyPDF2==3.0.1
pyperclip==1.9.0
pyproject_hooks==1.2.0
PyQt6==6.9.1
PyQt6-Qt6==6.9.2
PyQt6-WebEngine==6.9.0
PyQt6-WebEngine-Qt6==6.9.2
PyQt6_sip==13.10.2
pysbd==0.3.4
pytest==8.3.2
pytest-anyio==0.0.0
pytest-asyncio==0.23.8
pytest-cov==7.0.0
pytest-mock==3.15.0
pytest-rerunfailures==15.1
python-crfsuite==0.9.11
python-dateutil==2.9.0.post0
python-dotenv==1.1.1
python-magic==0.4.27
python-multipart==0.0.20
python-telegram-bot==21.5
pytube==15.0.0
pytz==2025.2
pywebview==6.0
PyYAML==6.0.2
qdrant-client==1.15.1
QtPy==2.4.3
rank-bm25==0.2.2
RapidFuzz==3.14.0
rdflib==7.1.4
readability-lxml==0.8.4.1
redis==5.0.8
referencing==0.36.2
regex==2025.9.1
requests==2.32.4
requests-file==2.1.0
requests-oauthlib==1.3.1
requests-toolbelt==1.0.0
resampy==0.4.3
retrying==1.4.1
rfc3986==1.5.0
rich==13.9.4
rich-rst==1.3.1
rich-toolkit==0.15.1
rignore==0.6.4
rpds-py==0.26.0
rsa==4.9.1
ruff==0.13.0
safehttpx==0.1.6
safetensors==0.6.2
# Editable Git install with no remote (sam3==0.1.0)
-e /Users/yurygagarin/code/sam3
scihub==0.0.1
scikit-learn==1.7.2
scipy==1.16.1
segments==2.3.0
semantic-version==2.10.0
sentence-transformers==5.1.0
sentry-sdk==2.37.1
setuptools-scm==9.2.0
sgmllib3k==1.0.0
shellingham==1.5.4
-e git+https://github.com/thiswillbeyourgithub/simple_voice_chat.git@d9eb104f831d0bb859c51aec8b43dc29bc326ecd#egg=simple_voice_chat
six==1.17.0
smmap==5.0.2
sniffio==1.3.1
socksio==1.0.0
sortedcontainers==2.4.0
soundfile==0.13.1
soupsieve==2.7
soxr==0.5.0.post1
spinners==0.0.24
SQLAlchemy==2.0.34
sse-starlette==2.4.1
starlette==0.38.6
structlog==25.4.0
sympy==1.14.0
tenacity==8.5.0
tensorboard==2.20.0
tensorboard-data-server==0.7.2
termcolor==3.1.0
thefuzz==0.22.1
threadpoolctl==3.6.0
tiktoken==0.11.0
tinysegmenter==0.3
tld==0.13.1
tldextract==5.3.0
tokenizers==0.22.0
tomlkit==0.13.3
torch==2.8.0
torchaudio==2.8.0
tqdm==4.67.1
trafilatura==2.0.0
transformers==4.56.1
trio==0.31.0
trove-classifiers==2025.9.11.17
twilio==9.8.0
typeguard==4.4.4
typer==0.16.0
typing-inspect==0.9.0
typing-inspection==0.4.1
typing_extensions==4.15.0
tzdata==2025.2
tzlocal==5.3.1
ujson==5.11.0
umap-learn==0.5.9.post2
uritemplate==4.2.0
urllib3==2.5.0
uvicorn==0.30.6
uvloop==0.21.0
validators==0.35.0
virtualenv==20.32.0
wait_for2==0.4.1
watchfiles==1.1.0
wcwidth==0.2.13
websockets==14.2
webvtt-py==0.5.1
Werkzeug==3.1.3
wget==3.2
wrapt==1.17.3
xattr==1.2.0
yarl==1.20.1
youtube-transcript-api==1.2.2
yt-dlp==2025.9.5
zipp==3.23.0
zstandard==0.24.0
